{
  "version": 4,
  "terraform_version": "1.3.9",
  "serial": 5,
  "lineage": "4637e703-bda6-c3bd-3a43-683668fa016b",
  "outputs": {
    "log_sql_bkp_nok_id": {
      "value": "log_sql_bkp_nok",
      "type": "string"
    }
  },
  "resources": [
    {
      "mode": "managed",
      "type": "google_logging_metric",
      "name": "log_sql_bkp_nok",
      "provider": "provider[\"registry.terraform.io/hashicorp/google\"]",
      "instances": [
        {
          "schema_version": 0,
          "attributes": {
            "bucket_name": "",
            "bucket_options": [],
            "description": "",
            "filter": "resource.type=cloudsql_database AND protoPayload.methodName=cloudsql.instances.automatedBackup AND protoPayload.status.message=OK",
            "id": "log_sql_bkp_nok",
            "label_extractors": {},
            "metric_descriptor": [
              {
                "display_name": "",
                "labels": [],
                "metric_kind": "DELTA",
                "unit": "1",
                "value_type": "INT64"
              }
            ],
            "name": "log_sql_bkp_nok",
            "project": "gft-db-network-team-test",
            "timeouts": null,
            "value_extractor": ""
          },
          "sensitive_attributes": [],
          "private": "eyJlMmJmYjczMC1lY2FhLTExZTYtOGY4OC0zNDM2M2JjN2M0YzAiOnsiY3JlYXRlIjoxMjAwMDAwMDAwMDAwLCJkZWxldGUiOjEyMDAwMDAwMDAwMDAsInVwZGF0ZSI6MTIwMDAwMDAwMDAwMH19"
        }
      ]
    }
  ],
  "check_results": null
}
